<?xml version="1.0" encoding="utf-8"?>
<Project ToolsVersion="4.0" xmlns="http://schemas.microsoft.com/developer/msbuild/2003">
  <ItemGroup>
    <Filter Include="Bai">
      <UniqueIdentifier>{91D8870B-FDE1-877C-865D-9E7CF265937C}</UniqueIdentifier>
    </Filter>
  </ItemGroup>
  <ItemGroup>
    <ClInclude Include="src\Bai.h" />
    <ClInclude Include="src\Bai\Application.h">
      <Filter>Bai</Filter>
    </ClInclude>
    <ClInclude Include="src\Bai\Core.h">
      <Filter>Bai</Filter>
    </ClInclude>
    <ClInclude Include="src\Bai\EntryPoint.h">
      <Filter>Bai</Filter>
    </ClInclude>
    <ClInclude Include="src\Bai\Log.h">
      <Filter>Bai</Filter>
    </ClInclude>
  </ItemGroup>
  <ItemGroup>
    <ClCompile Include="src\Bai\Application.cpp">
      <Filter>Bai</Filter>
    </ClCompile>
    <ClCompile Include="src\Bai\Log.cpp">
      <Filter>Bai</Filter>
    </ClCompile>
  </ItemGroup>
</Project>